
Microsoft Visual Studio Solution File, Format Version 12.00
# Visual Studio Version 16
VisualStudioVersion = 16.0.31702.278
MinimumVisualStudioVersion = 10.0.40219.1
Project("{9A19103F-16F7-4668-BE54-9A1E7A4F7556}") = "FastExponentiation", "FastExponentiation\FastExponentiation.csproj", "{0E334AC4-314D-4645-A514-DF36199F27E3}"
EndProject
Project("{9A19103F-16F7-4668-BE54-9A1E7A4F7556}") = "FastExponentiationBenchmark", "FastExponentiationBenchmark\FastExponentiationBenchmark.csproj", "{3C14F508-0116-4880-A323-CA51F5F067EF}"
EndProject
Project("{9A19103F-16F7-4668-BE54-9A1E7A4F7556}") = "FastMath", "FastMath\FastMath.csproj", "{A05270BC-05A0-46C1-A995-D4891C4057B7}"
EndProject
Project("{2150E333-8FDC-42A3-9474-1A3956D46DE8}") = "CPP", "CPP", "{667AEC9B-76E2-4A40-9DF9-F5DD985B8AD9}"
EndProject
Project("{8BC9CEB8-8B4A-11D0-8D11-00A0C91BC942}") = "FastExponentiationCpp", "FastExponentiationCpp\FastExponentiationCpp.vcxproj", "{EF549B5B-AB1F-4A5A-8B9D-968B6CAF5124}"
EndProject
Project("{8BC9CEB8-8B4A-11D0-8D11-00A0C91BC942}") = "FastMathCpp", "FastMathCpp\FastMathCpp.vcxitems", "{890AC366-985C-41E6-AFEA-4AEA2E9B468D}"
EndProject
Project("{8BC9CEB8-8B4A-11D0-8D11-00A0C91BC942}") = "FastExponentiationBenchmarkCpp", "FastExponentiationBenchmarkCpp\FastExponentiationBenchmarkCpp.vcxproj", "{F5B8670A-03A3-4925-9BFB-34A94CEB3EAC}"
EndProject
Project("{8BC9CEB8-8B4A-11D0-8D11-00A0C91BC942}") = "PrecisionComparisonCpp", "PrecisionComparisonCpp\PrecisionComparisonCpp.vcxproj", "{35F7234F-5752-4D69-BA52-A8871E691D17}"
EndProject
Project("{9A19103F-16F7-4668-BE54-9A1E7A4F7556}") = "FastExponentiationPrimitiveBenchmark", "FastExponentiationPrimitiveBenchmark\FastExponentiationPrimitiveBenchmark.csproj", "{C1399E84-CC6F-4866-9043-F48179D35A0B}"
EndProject
Project("{9A19103F-16F7-4668-BE54-9A1E7A4F7556}") = "Misc", "Misc\Misc.csproj", "{4E4274FE-3AB3-4208-BBAB-BFC85D99063E}"
EndProject
Global
	GlobalSection(SharedMSBuildProjectFiles) = preSolution
		FastMathCpp\FastMathCpp.vcxitems*{35f7234f-5752-4d69-ba52-a8871e691d17}*SharedItemsImports = 4
		FastMathCpp\FastMathCpp.vcxitems*{890ac366-985c-41e6-afea-4aea2e9b468d}*SharedItemsImports = 9
		FastMathCpp\FastMathCpp.vcxitems*{ef549b5b-ab1f-4a5a-8b9d-968b6caf5124}*SharedItemsImports = 4
		FastMathCpp\FastMathCpp.vcxitems*{f5b8670a-03a3-4925-9bfb-34a94ceb3eac}*SharedItemsImports = 4
	EndGlobalSection
	GlobalSection(SolutionConfigurationPlatforms) = preSolution
		Debug|Any CPU = Debug|Any CPU
		Debug|x64 = Debug|x64
		Debug|x86 = Debug|x86
		Release|Any CPU = Release|Any CPU
		Release|x64 = Release|x64
		Release|x86 = Release|x86
	EndGlobalSection
	GlobalSection(ProjectConfigurationPlatforms) = postSolution
		{0E334AC4-314D-4645-A514-DF36199F27E3}.Debug|Any CPU.ActiveCfg = Debug|Any CPU
		{0E334AC4-314D-4645-A514-DF36199F27E3}.Debug|Any CPU.Build.0 = Debug|Any CPU
		{0E334AC4-314D-4645-A514-DF36199F27E3}.Debug|x64.ActiveCfg = Debug|Any CPU
		{0E334AC4-314D-4645-A514-DF36199F27E3}.Debug|x64.Build.0 = Debug|Any CPU
		{0E334AC4-314D-4645-A514-DF36199F27E3}.Debug|x86.ActiveCfg = Debug|Any CPU
		{0E334AC4-314D-4645-A514-DF36199F27E3}.Debug|x86.Build.0 = Debug|Any CPU
		{0E334AC4-314D-4645-A514-DF36199F27E3}.Release|Any CPU.ActiveCfg = Release|Any CPU
		{0E334AC4-314D-4645-A514-DF36199F27E3}.Release|Any CPU.Build.0 = Release|Any CPU
		{0E334AC4-314D-4645-A514-DF36199F27E3}.Release|x64.ActiveCfg = Release|Any CPU
		{0E334AC4-314D-4645-A514-DF36199F27E3}.Release|x64.Build.0 = Release|Any CPU
		{0E334AC4-314D-4645-A514-DF36199F27E3}.Release|x86.ActiveCfg = Release|Any CPU
		{0E334AC4-314D-4645-A514-DF36199F27E3}.Release|x86.Build.0 = Release|Any CPU
		{3C14F508-0116-4880-A323-CA51F5F067EF}.Debug|Any CPU.ActiveCfg = Debug|Any CPU
		{3C14F508-0116-4880-A323-CA51F5F067EF}.Debug|Any CPU.Build.0 = Debug|Any CPU
		{3C14F508-0116-4880-A323-CA51F5F067EF}.Debug|x64.ActiveCfg = Debug|Any CPU
		{3C14F508-0116-4880-A323-CA51F5F067EF}.Debug|x64.Build.0 = Debug|Any CPU
		{3C14F508-0116-4880-A323-CA51F5F067EF}.Debug|x86.ActiveCfg = Debug|Any CPU
		{3C14F508-0116-4880-A323-CA51F5F067EF}.Debug|x86.Build.0 = Debug|Any CPU
		{3C14F508-0116-4880-A323-CA51F5F067EF}.Release|Any CPU.ActiveCfg = Release|Any CPU
		{3C14F508-0116-4880-A323-CA51F5F067EF}.Release|Any CPU.Build.0 = Release|Any CPU
		{3C14F508-0116-4880-A323-CA51F5F067EF}.Release|x64.ActiveCfg = Release|Any CPU
		{3C14F508-0116-4880-A323-CA51F5F067EF}.Release|x64.Build.0 = Release|Any CPU
		{3C14F508-0116-4880-A323-CA51F5F067EF}.Release|x86.ActiveCfg = Release|Any CPU
		{3C14F508-0116-4880-A323-CA51F5F067EF}.Release|x86.Build.0 = Release|Any CPU
		{A05270BC-05A0-46C1-A995-D4891C4057B7}.Debug|Any CPU.ActiveCfg = Debug|Any CPU
		{A05270BC-05A0-46C1-A995-D4891C4057B7}.Debug|Any CPU.Build.0 = Debug|Any CPU
		{A05270BC-05A0-46C1-A995-D4891C4057B7}.Debug|x64.ActiveCfg = Debug|Any CPU
		{A05270BC-05A0-46C1-A995-D4891C4057B7}.Debug|x64.Build.0 = Debug|Any CPU
		{A05270BC-05A0-46C1-A995-D4891C4057B7}.Debug|x86.ActiveCfg = Debug|Any CPU
		{A05270BC-05A0-46C1-A995-D4891C4057B7}.Debug|x86.Build.0 = Debug|Any CPU
		{A05270BC-05A0-46C1-A995-D4891C4057B7}.Release|Any CPU.ActiveCfg = Release|Any CPU
		{A05270BC-05A0-46C1-A995-D4891C4057B7}.Release|Any CPU.Build.0 = Release|Any CPU
		{A05270BC-05A0-46C1-A995-D4891C4057B7}.Release|x64.ActiveCfg = Release|Any CPU
		{A05270BC-05A0-46C1-A995-D4891C4057B7}.Release|x64.Build.0 = Release|Any CPU
		{A05270BC-05A0-46C1-A995-D4891C4057B7}.Release|x86.ActiveCfg = Release|Any CPU
		{A05270BC-05A0-46C1-A995-D4891C4057B7}.Release|x86.Build.0 = Release|Any CPU
		{EF549B5B-AB1F-4A5A-8B9D-968B6CAF5124}.Debug|Any CPU.ActiveCfg = Debug|Win32
		{EF549B5B-AB1F-4A5A-8B9D-968B6CAF5124}.Debug|Any CPU.Build.0 = Debug|Win32
		{EF549B5B-AB1F-4A5A-8B9D-968B6CAF5124}.Debug|x64.ActiveCfg = Debug|x64
		{EF549B5B-AB1F-4A5A-8B9D-968B6CAF5124}.Debug|x64.Build.0 = Debug|x64
		{EF549B5B-AB1F-4A5A-8B9D-968B6CAF5124}.Debug|x86.ActiveCfg = Debug|Win32
		{EF549B5B-AB1F-4A5A-8B9D-968B6CAF5124}.Debug|x86.Build.0 = Debug|Win32
		{EF549B5B-AB1F-4A5A-8B9D-968B6CAF5124}.Release|Any CPU.ActiveCfg = Release|Win32
		{EF549B5B-AB1F-4A5A-8B9D-968B6CAF5124}.Release|Any CPU.Build.0 = Release|Win32
		{EF549B5B-AB1F-4A5A-8B9D-968B6CAF5124}.Release|x64.ActiveCfg = Release|x64
		{EF549B5B-AB1F-4A5A-8B9D-968B6CAF5124}.Release|x64.Build.0 = Release|x64
		{EF549B5B-AB1F-4A5A-8B9D-968B6CAF5124}.Release|x86.ActiveCfg = Release|Win32
		{EF549B5B-AB1F-4A5A-8B9D-968B6CAF5124}.Release|x86.Build.0 = Release|Win32
		{F5B8670A-03A3-4925-9BFB-34A94CEB3EAC}.Debug|Any CPU.ActiveCfg = Debug|Win32
		{F5B8670A-03A3-4925-9BFB-34A94CEB3EAC}.Debug|Any CPU.Build.0 = Debug|Win32
		{F5B8670A-03A3-4925-9BFB-34A94CEB3EAC}.Debug|x64.ActiveCfg = Debug|x64
		{F5B8670A-03A3-4925-9BFB-34A94CEB3EAC}.Debug|x64.Build.0 = Debug|x64
		{F5B8670A-03A3-4925-9BFB-34A94CEB3EAC}.Debug|x86.ActiveCfg = Debug|Win32
		{F5B8670A-03A3-4925-9BFB-34A94CEB3EAC}.Debug|x86.Build.0 = Debug|Win32
		{F5B8670A-03A3-4925-9BFB-34A94CEB3EAC}.Release|Any CPU.ActiveCfg = Release|Win32
		{F5B8670A-03A3-4925-9BFB-34A94CEB3EAC}.Release|Any CPU.Build.0 = Release|Win32
		{F5B8670A-03A3-4925-9BFB-34A94CEB3EAC}.Release|x64.ActiveCfg = Release|x64
		{F5B8670A-03A3-4925-9BFB-34A94CEB3EAC}.Release|x64.Build.0 = Release|x64
		{F5B8670A-03A3-4925-9BFB-34A94CEB3EAC}.Release|x86.ActiveCfg = Release|Win32
		{F5B8670A-03A3-4925-9BFB-34A94CEB3EAC}.Release|x86.Build.0 = Release|Win32
		{35F7234F-5752-4D69-BA52-A8871E691D17}.Debug|Any CPU.ActiveCfg = Debug|Win32
		{35F7234F-5752-4D69-BA52-A8871E691D17}.Debug|x64.ActiveCfg = Debug|x64
		{35F7234F-5752-4D69-BA52-A8871E691D17}.Debug|x64.Build.0 = Debug|x64
		{35F7234F-5752-4D69-BA52-A8871E691D17}.Debug|x86.ActiveCfg = Debug|Win32
		{35F7234F-5752-4D69-BA52-A8871E691D17}.Debug|x86.Build.0 = Debug|Win32
		{35F7234F-5752-4D69-BA52-A8871E691D17}.Release|Any CPU.ActiveCfg = Release|Win32
		{35F7234F-5752-4D69-BA52-A8871E691D17}.Release|Any CPU.Build.0 = Release|Win32
		{35F7234F-5752-4D69-BA52-A8871E691D17}.Release|x64.ActiveCfg = Release|x64
		{35F7234F-5752-4D69-BA52-A8871E691D17}.Release|x64.Build.0 = Release|x64
		{35F7234F-5752-4D69-BA52-A8871E691D17}.Release|x86.ActiveCfg = Release|Win32
		{35F7234F-5752-4D69-BA52-A8871E691D17}.Release|x86.Build.0 = Release|Win32
		{C1399E84-CC6F-4866-9043-F48179D35A0B}.Debug|Any CPU.ActiveCfg = Debug|Any CPU
		{C1399E84-CC6F-4866-9043-F48179D35A0B}.Debug|Any CPU.Build.0 = Debug|Any CPU
		{C1399E84-CC6F-4866-9043-F48179D35A0B}.Debug|x64.ActiveCfg = Debug|Any CPU
		{C1399E84-CC6F-4866-9043-F48179D35A0B}.Debug|x64.Build.0 = Debug|Any CPU
		{C1399E84-CC6F-4866-9043-F48179D35A0B}.Debug|x86.ActiveCfg = Debug|Any CPU
		{C1399E84-CC6F-4866-9043-F48179D35A0B}.Debug|x86.Build.0 = Debug|Any CPU
		{C1399E84-CC6F-4866-9043-F48179D35A0B}.Release|Any CPU.ActiveCfg = Release|Any CPU
		{C1399E84-CC6F-4866-9043-F48179D35A0B}.Release|Any CPU.Build.0 = Release|Any CPU
		{C1399E84-CC6F-4866-9043-F48179D35A0B}.Release|x64.ActiveCfg = Release|Any CPU
		{C1399E84-CC6F-4866-9043-F48179D35A0B}.Release|x64.Build.0 = Release|Any CPU
		{C1399E84-CC6F-4866-9043-F48179D35A0B}.Release|x86.ActiveCfg = Release|Any CPU
		{C1399E84-CC6F-4866-9043-F48179D35A0B}.Release|x86.Build.0 = Release|Any CPU
		{4E4274FE-3AB3-4208-BBAB-BFC85D99063E}.Debug|Any CPU.ActiveCfg = Debug|Any CPU
		{4E4274FE-3AB3-4208-BBAB-BFC85D99063E}.Debug|Any CPU.Build.0 = Debug|Any CPU
		{4E4274FE-3AB3-4208-BBAB-BFC85D99063E}.Debug|x64.ActiveCfg = Debug|Any CPU
		{4E4274FE-3AB3-4208-BBAB-BFC85D99063E}.Debug|x64.Build.0 = Debug|Any CPU
		{4E4274FE-3AB3-4208-BBAB-BFC85D99063E}.Debug|x86.ActiveCfg = Debug|Any CPU
		{4E4274FE-3AB3-4208-BBAB-BFC85D99063E}.Debug|x86.Build.0 = Debug|Any CPU
		{4E4274FE-3AB3-4208-BBAB-BFC85D99063E}.Release|Any CPU.ActiveCfg = Release|Any CPU
		{4E4274FE-3AB3-4208-BBAB-BFC85D99063E}.Release|Any CPU.Build.0 = Release|Any CPU
		{4E4274FE-3AB3-4208-BBAB-BFC85D99063E}.Release|x64.ActiveCfg = Release|Any CPU
		{4E4274FE-3AB3-4208-BBAB-BFC85D99063E}.Release|x64.Build.0 = Release|Any CPU
		{4E4274FE-3AB3-4208-BBAB-BFC85D99063E}.Release|x86.ActiveCfg = Release|Any CPU
		{4E4274FE-3AB3-4208-BBAB-BFC85D99063E}.Release|x86.Build.0 = Release|Any CPU
	EndGlobalSection
	GlobalSection(SolutionProperties) = preSolution
		HideSolutionNode = FALSE
	EndGlobalSection
	GlobalSection(NestedProjects) = preSolution
		{EF549B5B-AB1F-4A5A-8B9D-968B6CAF5124} = {667AEC9B-76E2-4A40-9DF9-F5DD985B8AD9}
		{890AC366-985C-41E6-AFEA-4AEA2E9B468D} = {667AEC9B-76E2-4A40-9DF9-F5DD985B8AD9}
		{F5B8670A-03A3-4925-9BFB-34A94CEB3EAC} = {667AEC9B-76E2-4A40-9DF9-F5DD985B8AD9}
		{35F7234F-5752-4D69-BA52-A8871E691D17} = {667AEC9B-76E2-4A40-9DF9-F5DD985B8AD9}
	EndGlobalSection
	GlobalSection(ExtensibilityGlobals) = postSolution
		SolutionGuid = {06D6C204-3F02-4F1B-90A2-D5E47A987117}
	EndGlobalSection
EndGlobal
